# This file is autogenerated, do not edit; changes may be undone by the next 'dep ensure'.


[[projects]]
  branch = "master"
  name = "github.com/bradfitz/latlong"
  packages = ["."]
  revision = "f3db6d0dff40d47957be82e1a6645574fb041f95"

[[projects]]
  name = "github.com/gorilla/context"
  packages = ["."]
  revision = "1ea25387ff6f684839d82767c1733ff4d4d15d0a"
  version = "v1.1"

[[projects]]
  name = "github.com/gorilla/mux"
  packages = ["."]
  revision = "53c1911da2b537f792e7cafcb446b05ffe33b996"
  version = "v1.6.1"

[solve-meta]
  analyzer-name = "dep"
  analyzer-version = 1
  inputs-digest = "dfb2852c63f20e3fb67059a1b170cebea043c9c6d34d7c5b1275600b8f9e526e"
  solver-name = "gps-cdcl"
  solver-version = 1
